
Microsoft Visual Studio Solution File, Format Version 12.00
# Visual Studio Version 16
VisualStudioVersion = 16.0.35325.158
MinimumVisualStudioVersion = 10.0.40219.1
Project("{FAE04EC0-301F-11D3-BF4B-00C04F79EFBC}") = "Threading_in_CSharp", "Threading_in_CSharp\Threading_in_CSharp.csproj", "{74E2ED2B-7BF0-4FA0-A99A-99C39189BD56}"
EndProject
Global
	GlobalSection(SolutionConfigurationPlatforms) = preSolution
		Debug|Any CPU = Debug|Any CPU
		Release|Any CPU = Release|Any CPU
	EndGlobalSection
	GlobalSection(ProjectConfigurationPlatforms) = postSolution
		{74E2ED2B-7BF0-4FA0-A99A-99C39189BD56}.Debug|Any CPU.ActiveCfg = Debug|Any CPU
		{74E2ED2B-7BF0-4FA0-A99A-99C39189BD56}.Debug|Any CPU.Build.0 = Debug|Any CPU
		{74E2ED2B-7BF0-4FA0-A99A-99C39189BD56}.Release|Any CPU.ActiveCfg = Release|Any CPU
		{74E2ED2B-7BF0-4FA0-A99A-99C39189BD56}.Release|Any CPU.Build.0 = Release|Any CPU
	EndGlobalSection
	GlobalSection(SolutionProperties) = preSolution
		HideSolutionNode = FALSE
	EndGlobalSection
	GlobalSection(ExtensibilityGlobals) = postSolution
		SolutionGuid = {600878CC-ADAE-4B35-93C0-362ABBE6D1D7}
	EndGlobalSection
EndGlobal
