
Microsoft Visual Studio Solution File, Format Version 12.00
# Visual Studio Version 16
VisualStudioVersion = 16.0.35325.158
MinimumVisualStudioVersion = 10.0.40219.1
Project("{FAE04EC0-301F-11D3-BF4B-00C04F79EFBC}") = "cc7-webTech", "cc7-webTech\cc7-webTech.csproj", "{1CD9DDD2-1CE6-493E-A9A1-0001784F5442}"
EndProject
Global
	GlobalSection(SolutionConfigurationPlatforms) = preSolution
		Debug|Any CPU = Debug|Any CPU
		Release|Any CPU = Release|Any CPU
	EndGlobalSection
	GlobalSection(ProjectConfigurationPlatforms) = postSolution
		{1CD9DDD2-1CE6-493E-A9A1-0001784F5442}.Debug|Any CPU.ActiveCfg = Debug|Any CPU
		{1CD9DDD2-1CE6-493E-A9A1-0001784F5442}.Debug|Any CPU.Build.0 = Debug|Any CPU
		{1CD9DDD2-1CE6-493E-A9A1-0001784F5442}.Release|Any CPU.ActiveCfg = Release|Any CPU
		{1CD9DDD2-1CE6-493E-A9A1-0001784F5442}.Release|Any CPU.Build.0 = Release|Any CPU
	EndGlobalSection
	GlobalSection(SolutionProperties) = preSolution
		HideSolutionNode = FALSE
	EndGlobalSection
	GlobalSection(ExtensibilityGlobals) = postSolution
		SolutionGuid = {14325714-C893-401F-A6B0-C4B6C944701C}
	EndGlobalSection
EndGlobal
