
Microsoft Visual Studio Solution File, Format Version 12.00
# Visual Studio Version 16
VisualStudioVersion = 16.0.35325.158
MinimumVisualStudioVersion = 10.0.40219.1
Project("{FAE04EC0-301F-11D3-BF4B-00C04F79EFBC}") = "Furniture_Shop", "Furniture_Shop\Furniture_Shop.csproj", "{6D91E086-411B-4182-9283-E9E35A79EAB2}"
EndProject
Global
	GlobalSection(SolutionConfigurationPlatforms) = preSolution
		Debug|Any CPU = Debug|Any CPU
		Release|Any CPU = Release|Any CPU
	EndGlobalSection
	GlobalSection(ProjectConfigurationPlatforms) = postSolution
		{6D91E086-411B-4182-9283-E9E35A79EAB2}.Debug|Any CPU.ActiveCfg = Debug|Any CPU
		{6D91E086-411B-4182-9283-E9E35A79EAB2}.Debug|Any CPU.Build.0 = Debug|Any CPU
		{6D91E086-411B-4182-9283-E9E35A79EAB2}.Release|Any CPU.ActiveCfg = Release|Any CPU
		{6D91E086-411B-4182-9283-E9E35A79EAB2}.Release|Any CPU.Build.0 = Release|Any CPU
	EndGlobalSection
	GlobalSection(SolutionProperties) = preSolution
		HideSolutionNode = FALSE
	EndGlobalSection
	GlobalSection(ExtensibilityGlobals) = postSolution
		SolutionGuid = {77998DD9-D38B-4446-B5E3-290B9C1BE47C}
	EndGlobalSection
EndGlobal
