
Microsoft Visual Studio Solution File, Format Version 12.00
# Visual Studio Version 16
VisualStudioVersion = 16.0.35325.158
MinimumVisualStudioVersion = 10.0.40219.1
Project("{FAE04EC0-301F-11D3-BF4B-00C04F79EFBC}") = "WebAPIAssessment", "WebAPIAssessment\WebAPIAssessment.csproj", "{0031640B-5BF7-4BAD-94E3-4FBA47474CD5}"
EndProject
Global
	GlobalSection(SolutionConfigurationPlatforms) = preSolution
		Debug|Any CPU = Debug|Any CPU
		Release|Any CPU = Release|Any CPU
	EndGlobalSection
	GlobalSection(ProjectConfigurationPlatforms) = postSolution
		{0031640B-5BF7-4BAD-94E3-4FBA47474CD5}.Debug|Any CPU.ActiveCfg = Debug|Any CPU
		{0031640B-5BF7-4BAD-94E3-4FBA47474CD5}.Debug|Any CPU.Build.0 = Debug|Any CPU
		{0031640B-5BF7-4BAD-94E3-4FBA47474CD5}.Release|Any CPU.ActiveCfg = Release|Any CPU
		{0031640B-5BF7-4BAD-94E3-4FBA47474CD5}.Release|Any CPU.Build.0 = Release|Any CPU
	EndGlobalSection
	GlobalSection(SolutionProperties) = preSolution
		HideSolutionNode = FALSE
	EndGlobalSection
	GlobalSection(ExtensibilityGlobals) = postSolution
		SolutionGuid = {CDF5C52B-8D50-4BDD-8011-0A22CCB84984}
	EndGlobalSection
EndGlobal
