
Microsoft Visual Studio Solution File, Format Version 12.00
# Visual Studio Version 16
VisualStudioVersion = 16.0.35325.158
MinimumVisualStudioVersion = 10.0.40219.1
Project("{FAE04EC0-301F-11D3-BF4B-00C04F79EFBC}") = "Day7_DotNet", "Day7_DotNet\Day7_DotNet.csproj", "{7C0055D5-1966-4216-8290-B42D3CABEC2F}"
EndProject
Global
	GlobalSection(SolutionConfigurationPlatforms) = preSolution
		Debug|Any CPU = Debug|Any CPU
		Release|Any CPU = Release|Any CPU
	EndGlobalSection
	GlobalSection(ProjectConfigurationPlatforms) = postSolution
		{7C0055D5-1966-4216-8290-B42D3CABEC2F}.Debug|Any CPU.ActiveCfg = Debug|Any CPU
		{7C0055D5-1966-4216-8290-B42D3CABEC2F}.Debug|Any CPU.Build.0 = Debug|Any CPU
		{7C0055D5-1966-4216-8290-B42D3CABEC2F}.Release|Any CPU.ActiveCfg = Release|Any CPU
		{7C0055D5-1966-4216-8290-B42D3CABEC2F}.Release|Any CPU.Build.0 = Release|Any CPU
	EndGlobalSection
	GlobalSection(SolutionProperties) = preSolution
		HideSolutionNode = FALSE
	EndGlobalSection
	GlobalSection(ExtensibilityGlobals) = postSolution
		SolutionGuid = {CDB5D819-3125-4247-BF3C-6E00109C4599}
	EndGlobalSection
EndGlobal
