
Microsoft Visual Studio Solution File, Format Version 12.00
# Visual Studio Version 16
VisualStudioVersion = 16.0.35325.158
MinimumVisualStudioVersion = 10.0.40219.1
Project("{FAE04EC0-301F-11D3-BF4B-00C04F79EFBC}") = "Assignment2", "Assignment2\Assignment2.csproj", "{9BA03FC3-8716-424F-AE86-E1237E68364B}"
EndProject
Global
	GlobalSection(SolutionConfigurationPlatforms) = preSolution
		Debug|Any CPU = Debug|Any CPU
		Release|Any CPU = Release|Any CPU
	EndGlobalSection
	GlobalSection(ProjectConfigurationPlatforms) = postSolution
		{9BA03FC3-8716-424F-AE86-E1237E68364B}.Debug|Any CPU.ActiveCfg = Debug|Any CPU
		{9BA03FC3-8716-424F-AE86-E1237E68364B}.Debug|Any CPU.Build.0 = Debug|Any CPU
		{9BA03FC3-8716-424F-AE86-E1237E68364B}.Release|Any CPU.ActiveCfg = Release|Any CPU
		{9BA03FC3-8716-424F-AE86-E1237E68364B}.Release|Any CPU.Build.0 = Release|Any CPU
	EndGlobalSection
	GlobalSection(SolutionProperties) = preSolution
		HideSolutionNode = FALSE
	EndGlobalSection
	GlobalSection(ExtensibilityGlobals) = postSolution
		SolutionGuid = {0A7F547F-7268-4D41-B12A-A056341D6B15}
	EndGlobalSection
EndGlobal
